// !$*UTF8*$!
{
	archiveVersion = 1;
	classes = {
	};
	objectVersion = 46;
	objects = {

/* Begin PBXBuildFile section */
		0133EA2B1C3CF9BB0069604B /* main.m in Sources */ = {isa = PBXBuildFile; fileRef = 0133EA2A1C3CF9BB0069604B /* main.m */; };
		0133EA2E1C3CF9BB0069604B /* AppDelegate.m in Sources */ = {isa = PBXBuildFile; fileRef = 0133EA2D1C3CF9BB0069604B /* AppDelegate.m */; };
		0133EA311C3CF9BB0069604B /* ViewController.m in Sources */ = {isa = PBXBuildFile; fileRef = 0133EA301C3CF9BB0069604B /* ViewController.m */; };
		0133EA341C3CF9BB0069604B /* Main.storyboard in Resources */ = {isa = PBXBuildFile; fileRef = 0133EA321C3CF9BB0069604B /* Main.storyboard */; };
		0133EA361C3CF9BB0069604B /* Assets.xcassets in Resources */ = {isa = PBXBuildFile; fileRef = 0133EA351C3CF9BB0069604B /* Assets.xcassets */; };
		0133EA391C3CF9BB0069604B /* LaunchScreen.storyboard in Resources */ = {isa = PBXBuildFile; fileRef = 0133EA371C3CF9BB0069604B /* LaunchScreen.storyboard */; };
/* End PBXBuildFile section */

/* Begin PBXFileReference section */
		0133EA261C3CF9BB0069604B /* MyFirstApp.app */ = {isa = PBXFileReference; explicitFileType = wrapper.application; includeInIndex = 0; path = MyFirstApp.app; sourceTree = BUILT_PRODUCTS_DIR; };
		0133EA2A1C3CF9BB0069604B /* main.m */ = {isa = PBXFileReference; lastKnownFileType = sourcecode.c.objc; path = main.m; sourceTree = "<group>"; };
		0133EA2C1C3CF9BB0069604B /* AppDelegate.h */ = {isa = PBXFileReference; lastKnownFileType = sourcecode.c.h; path = AppDelegate.h; sourceTree = "<group>"; };
		0133EA2D1C3CF9BB0069604B /* AppDelegate.m */ = {isa = PBXFileReference; lastKnownFileType = sourcecode.c.objc; path = AppDelegate.m; sourceTree = "<group>"; };
		0133EA2F1C3CF9BB0069604B /* ViewController.h */ = {isa = PBXFileReference; lastKnownFileType = sourcecode.c.h; path = ViewController.h; sourceTree = "<group>"; };
		0133EA301C3CF9BB0069604B /* ViewController.m */ = {isa = PBXFileReference; lastKnownFileType = sourcecode.c.objc; path = ViewController.m; sourceTree = "<group>"; };
		0133EA331C3CF9BB0069604B /* Base */ = {isa = PBXFileReference; lastKnownFileType = file.storyboard; name = Base; path = Base.lproj/Main.storyboard; sourceTree = "<group>"; };
		0133EA351C3CF9BB0069604B /* Assets.xcassets */ = {isa = PBXFileReference; lastKnownFileType = folder.assetcatalog; path = Assets.xcassets; sourceTree = "<group>"; };
		0133EA381C3CF9BB0069604B /* Base */ = {isa = PBXFileReference; lastKnownFileType = file.storyboard; name = Base; path = Base.lproj/LaunchScreen.storyboard; sourceTree = "<group>"; };
		0133EA3A1C3CF9BB0069604B /* Info.plist */ = {isa = PBXFileReference; lastKnownFileType = text.plist.xml; path = Info.plist; sourceTree = "<group>"; };
		015A24081C3D50FD0089A7E0 /* Extrafile1.h */ = {isa = PBXFileReference; fileEncoding = 4; lastKnownFileType = sourcecode.c.h; path = Extrafile1.h; sourceTree = "<group>"; };
/* End PBXFileReference section */

/* Begin PBXFrameworksBuildPhase section */
		0133EA231C3CF9BB0069604B /* Frameworks */ = {
			isa = PBXFrameworksBuildPhase;
			buildActionMask = 2147483647;
			files = (
			);
			runOnlyForDeploymentPostprocessing = 0;
		};
/* End PBXFrameworksBuildPhase section */

/* Begin PBXGroup section */
		0133EA1D1C3CF9BA0069604B = {
			isa = PBXGroup;
			children = (
				015A24081C3D50FD0089A7E0 /* Extrafile1.h */,
				0133EA281C3CF9BB0069604B /* MyFirstApp */,
				0133EA271C3CF9BB0069604B /* Products */,
			);
			sourceTree = "<group>";
		};
		0133EA271C3CF9BB0069604B /* Products */ = {
			isa = PBXGroup;
			children = (
				0133EA261C3CF9BB0069604B /* MyFirstApp.app */,
			);
			name = Products;
			sourceTree = "<group>";
		};
		0133EA281C3CF9BB0069604B /* MyFirstApp */ = {
			isa = PBXGroup;
			children = (
				0133EA2C1C3CF9BB0069604B /* AppDelegate.h */,
				0133EA2D1C3CF9BB0069604B /* AppDelegate.m */,
				0133EA2F1C3CF9BB0069604B /* ViewController.h */,
				0133EA301C3CF9BB0069604B /* ViewController.m */,
				0133EA321C3CF9BB0069604B /* Main.storyboard */,
				0133EA351C3CF9BB0069604B /* Assets.xcassets */,
				0133EA371C3CF9BB0069604B /* LaunchScreen.storyboard */,
				0133EA3A1C3CF9BB0069604B /* Info.plist */,
				0133EA291C3CF9BB0069604B /* Supporting Files */,
			);
			path = MyFirstApp;
			sourceTree = "<group>";
		};
		0133EA291C3CF9BB0069604B /* Supporting Files */ = {
			isa = PBXGroup;
			children = (
				0133EA2A1C3CF9BB0069604B /* main.m */,
			);
			name = "Supporting Files";
			sourceTree = "<group>";
		};
/* End PBXGroup section */

/* Begin PBXNativeTarget section */
		0133EA251C3CF9BB0069604B /* MyFirstApp */ = {
			isa = PBXNativeTarget;
			buildConfigurationList = 0133EA3D1C3CF9BB0069604B /* Build configuration list for PBXNativeTarget "MyFirstApp" */;
			buildPhases = (
				0133EA221C3CF9BB0069604B /* Sources */,
				0133EA231C3CF9BB0069604B /* Frameworks */,
				0133EA241C3CF9BB0069604B /* Resources */,
			);
			buildRules = (
			);
			dependencies = (
			);
			name = MyFirstApp;
			productName = MyFirstApp;
			productReference = 0133EA261C3CF9BB0069604B /* MyFirstApp.app */;
			productType = "com.apple.product-type.application";
		};
/* End PBXNativeTarget section */

/* Begin PBXProject section */
		0133EA1E1C3CF9BA0069604B /* Project object */ = {
			isa = PBXProject;
			attributes = {
				LastUpgradeCheck = 0720;
				ORGANIZATIONNAME = practo;
				TargetAttributes = {
					0133EA251C3CF9BB0069604B = {
						CreatedOnToolsVersion = 7.2;
					};
				};
			};
			buildConfigurationList = 0133EA211C3CF9BA0069604B /* Build configuration list for PBXProject "MyFirstApp" */;
			compatibilityVersion = "Xcode 3.2";
			developmentRegion = English;
			hasScannedForEncodings = 0;
			knownRegions = (
				en,
				Base,
			);
			mainGroup = 0133EA1D1C3CF9BA0069604B;
			productRefGroup = 0133EA271C3CF9BB0069604B /* Products */;
			projectDirPath = "";
			projectRoot = "";
			targets = (
				0133EA251C3CF9BB0069604B /* MyFirstApp */,
			);
		};
/* End PBXProject section */

/* Begin PBXResourcesBuildPhase section */
		0133EA241C3CF9BB0069604B /* Resources */ = {
			isa = PBXResourcesBuildPhase;
			buildActionMask = 2147483647;
			files = (
				0133EA391C3CF9BB0069604B /* LaunchScreen.storyboard in Resources */,
				0133EA361C3CF9BB0069604B /* Assets.xcassets in Resources */,
				0133EA341C3CF9BB0069604B /* Main.storyboard in Resources */,
			);
			runOnlyForDeploymentPostprocessing = 0;
		};
/* End PBXResourcesBuildPhase section */

/* Begin PBXSourcesBuildPhase section */
		0133EA221C3CF9BB0069604B /* Sources */ = {
			isa = PBXSourcesBuildPhase;
			buildActionMask = 2147483647;
			files = (
				0133EA311C3CF9BB0069604B /* ViewController.m in Sources */,
				0133EA2E1C3CF9BB0069604B /* AppDelegate.m in Sources */,
				0133EA2B1C3CF9BB0069604B /* main.m in Sources */,
			);
			runOnlyForDeploymentPostprocessing = 0;
		};
/* End PBXSourcesBuildPhase section */

/* Begin PBXVariantGroup section */
		0133EA321C3CF9BB0069604B /* Main.storyboard */ = {
			isa = PBXVariantGroup;
			children = (
				0133EA331C3CF9BB0069604B /* Base */,
			);
			name = Main.storyboard;
			sourceTree = "<group>";
		};
		0133EA371C3CF9BB0069604B /* LaunchScreen.storyboard */ = {
			isa = PBXVariantGroup;
			children = (
				0133EA381C3CF9BB0069604B /* Base */,
			);
			name = LaunchScreen.storyboard;
			sourceTree = "<group>";
		};
/* End PBXVariantGroup section */

/* Begin XCBuildConfiguration section */
		0133EA3B1C3CF9BB0069604B /* Debug */ = {
			isa = XCBuildConfiguration;
			buildSettings = {
				ALWAYS_SEARCH_USER_PATHS = NO;
				CLANG_CXX_LANGUAGE_STANDARD = "gnu++0x";
				CLANG_CXX_LIBRARY = "libc++";
				CLANG_ENABLE_MODULES = YES;
				CLANG_ENABLE_OBJC_ARC = YES;
				CLANG_WARN_BOOL_CONVERSION = YES;
				CLANG_WARN_CONSTANT_CONVERSION = YES;
				CLANG_WARN_DIRECT_OBJC_ISA_USAGE = YES_ERROR;
				CLANG_WARN_EMPTY_BODY = YES;
				CLANG_WARN_ENUM_CONVERSION = YES;
				CLANG_WARN_INT_CONVERSION = YES;
				CLANG_WARN_OBJC_ROOT_CLASS = YES_ERROR;
				CLANG_WARN_UNREACHABLE_CODE = YES;
				CLANG_WARN__DUPLICATE_METHOD_MATCH = YES;
				"CODE_SIGN_IDENTITY[sdk=iphoneos*]" = "iPhone Developer";
				COPY_PHASE_STRIP = NO;
				DEBUG_INFORMATION_FORMAT = dwarf;
				ENABLE_STRICT_OBJC_MSGSEND = YES;
				ENABLE_TESTABILITY = YES;
				GCC_C_LANGUAGE_STANDARD = gnu99;
				GCC_DYNAMIC_NO_PIC = NO;
				GCC_NO_COMMON_BLOCKS = YES;
				GCC_OPTIMIZATION_LEVEL = 0;
				GCC_PREPROCESSOR_DEFINITIONS = (
					"DEBUG=1",
					"$(inherited)",
				);
				GCC_WARN_64_TO_32_BIT_CONVERSION = YES;
				GCC_WARN_ABOUT_RETURN_TYPE = YES_ERROR;
				GCC_WARN_UNDECLARED_SELECTOR = YES;
				GCC_WARN_UNINITIALIZED_AUTOS = YES_AGGRESSIVE;
				GCC_WARN_UNUSED_FUNCTION = YES;
				GCC_WARN_UNUSED_VARIABLE = YES;
				IPHONEOS_DEPLOYMENT_TARGET = 9.2;
				MTL_ENABLE_DEBUG_INFO = YES;
				ONLY_ACTIVE_ARCH = YES;
				SDKROOT = iphoneos;
			};
			name = Debug;
		};
		0133EA3C1C3CF9BB0069604B /* Release */ = {
			isa = XCBuildConfiguration;
			buildSettings = {
				ALWAYS_SEARCH_USER_PATHS = NO;
				CLANG_CXX_LANGUAGE_STANDARD = "gnu++0x";
				CLANG_CXX_LIBRARY = "libc++";
				CLANG_ENABLE_MODULES = YES;
				CLANG_ENABLE_OBJC_ARC = YES;
				CLANG_WARN_BOOL_CONVERSION = YES;
				CLANG_WARN_CONSTANT_CONVERSION = YES;
				CLANG_WARN_DIRECT_OBJC_ISA_USAGE = YES_ERROR;
				CLANG_WARN_EMPTY_BODY = YES;
				CLANG_WARN_ENUM_CONVERSION = YES;
				CLANG_WARN_INT_CONVERSION = YES;
				CLANG_WARN_OBJC_ROOT_CLASS = YES_ERROR;
				CLANG_WARN_UNREACHABLE_CODE = YES;
				CLANG_WARN__DUPLICATE_METHOD_MATCH = YES;
				"CODE_SIGN_IDENTITY[sdk=iphoneos*]" = "iPhone Developer";
				COPY_PHASE_STRIP = NO;
				DEBUG_INFORMATION_FORMAT = "dwarf-with-dsym";
				ENABLE_NS_ASSERTIONS = NO;
				ENABLE_STRICT_OBJC_MSGSEND = YES;
				GCC_C_LANGUAGE_STANDARD = gnu99;
				GCC_NO_COMMON_BLOCKS = YES;
				GCC_WARN_64_TO_32_BIT_CONVERSION = YES;
				GCC_WARN_ABOUT_RETURN_TYPE = YES_ERROR;
				GCC_WARN_UNDECLARED_SELECTOR = YES;
				GCC_WARN_UNINITIALIZED_AUTOS = YES_AGGRESSIVE;
				GCC_WARN_UNUSED_FUNCTION = YES;
				GCC_WARN_UNUSED_VARIABLE = YES;
				IPHONEOS_DEPLOYMENT_TARGET = 9.2;
				MTL_ENABLE_DEBUG_INFO = NO;
				SDKROOT = iphoneos;
				VALIDATE_PRODUCT = YES;
			};
			name = Release;
		};
		0133EA3E1C3CF9BB0069604B /* Debug */ = {
			isa = XCBuildConfiguration;
			buildSettings = {
				ASSETCATALOG_COMPILER_APPICON_NAME = AppIcon;
				INFOPLIST_FILE = MyFirstApp/Info.plist;
				LD_RUNPATH_SEARCH_PATHS = "$(inherited) @executable_path/Frameworks";
				PRODUCT_BUNDLE_IDENTIFIER = com.practo.MyFirstApp;
				PRODUCT_NAME = "$(TARGET_NAME)";
			};
			name = Debug;
		};
		0133EA3F1C3CF9BB0069604B /* Release */ = {
			isa = XCBuildConfiguration;
			buildSettings = {
				ASSETCATALOG_COMPILER_APPICON_NAME = AppIcon;
				INFOPLIST_FILE = MyFirstApp/Info.plist;
				LD_RUNPATH_SEARCH_PATHS = "$(inherited) @executable_path/Frameworks";
				PRODUCT_BUNDLE_IDENTIFIER = com.practo.MyFirstApp;
				PRODUCT_NAME = "$(TARGET_NAME)";
			};
			name = Release;
		};
/* End XCBuildConfiguration section */

/* Begin XCConfigurationList section */
		0133EA211C3CF9BA0069604B /* Build configuration list for PBXProject "MyFirstApp" */ = {
			isa = XCConfigurationList;
			buildConfigurations = (
				0133EA3B1C3CF9BB0069604B /* Debug */,
				0133EA3C1C3CF9BB0069604B /* Release */,
			);
			defaultConfigurationIsVisible = 0;
			defaultConfigurationName = Release;
		};
		0133EA3D1C3CF9BB0069604B /* Build configuration list for PBXNativeTarget "MyFirstApp" */ = {
			isa = XCConfigurationList;
			buildConfigurations = (
				0133EA3E1C3CF9BB0069604B /* Debug */,
				0133EA3F1C3CF9BB0069604B /* Release */,
			);
			defaultConfigurationIsVisible = 0;
			defaultConfigurationName = Release;
		};
/* End XCConfigurationList section */
	};
	rootObject = 0133EA1E1C3CF9BA0069604B /* Project object */;
}
